
Microsoft Visual Studio Solution File, Format Version 12.00
# Visual Studio Version 17
VisualStudioVersion = 17.4.33205.214
MinimumVisualStudioVersion = 10.0.40219.1
Project("{FAE04EC0-301F-11D3-BF4B-00C04F79EFBC}") = "Tamaguchi", "Tamaguchi\Tamaguchi.csproj", "{5A339991-D950-421D-B0FE-46C88706C1BD}"
EndProject
Global
	GlobalSection(SolutionConfigurationPlatforms) = preSolution
		Debug|Any CPU = Debug|Any CPU
		Release|Any CPU = Release|Any CPU
	EndGlobalSection
	GlobalSection(ProjectConfigurationPlatforms) = postSolution
		{5A339991-D950-421D-B0FE-46C88706C1BD}.Debug|Any CPU.ActiveCfg = Debug|Any CPU
		{5A339991-D950-421D-B0FE-46C88706C1BD}.Debug|Any CPU.Build.0 = Debug|Any CPU
		{5A339991-D950-421D-B0FE-46C88706C1BD}.Release|Any CPU.ActiveCfg = Release|Any CPU
		{5A339991-D950-421D-B0FE-46C88706C1BD}.Release|Any CPU.Build.0 = Release|Any CPU
	EndGlobalSection
	GlobalSection(SolutionProperties) = preSolution
		HideSolutionNode = FALSE
	EndGlobalSection
	GlobalSection(ExtensibilityGlobals) = postSolution
		SolutionGuid = {2FB14BC3-7C2A-479D-B358-2DFBCEE934F5}
	EndGlobalSection
EndGlobal
